// !$*UTF8*$!
{
	archiveVersion = 1;
	classes = {
	};
	objectVersion = 56;
	objects = {

/* Begin PBXBuildFile section */
		9470EB452B0010FB00E2E196 /* ListOfJournals.swift in Sources */ = {isa = PBXBuildFile; fileRef = 9470EB442B0010FB00E2E196 /* ListOfJournals.swift */; };
		9470EB492B00117200E2E196 /* DataStructures.swift in Sources */ = {isa = PBXBuildFile; fileRef = 9470EB482B00117200E2E196 /* DataStructures.swift */; };
		94D200022AFF47FE008384ED /* JournalPage.swift in Sources */ = {isa = PBXBuildFile; fileRef = 94D200012AFF47FE008384ED /* JournalPage.swift */; };
		94D200042AFF4AD5008384ED /* ResourcesPage.swift in Sources */ = {isa = PBXBuildFile; fileRef = 94D200032AFF4AD5008384ED /* ResourcesPage.swift */; };
		94D2FFF42AFF44FC008384ED /* JournalyticsApp.swift in Sources */ = {isa = PBXBuildFile; fileRef = 94D2FFF32AFF44FC008384ED /* JournalyticsApp.swift */; };
		94D2FFF62AFF44FC008384ED /* HomePage.swift in Sources */ = {isa = PBXBuildFile; fileRef = 94D2FFF52AFF44FC008384ED /* HomePage.swift */; };
		94D2FFF82AFF4506008384ED /* Assets.xcassets in Resources */ = {isa = PBXBuildFile; fileRef = 94D2FFF72AFF4506008384ED /* Assets.xcassets */; };
		94D2FFFB2AFF4506008384ED /* Preview Assets.xcassets in Resources */ = {isa = PBXBuildFile; fileRef = 94D2FFFA2AFF4506008384ED /* Preview Assets.xcassets */; };
/* End PBXBuildFile section */

/* Begin PBXFileReference section */
		9470EB442B0010FB00E2E196 /* ListOfJournals.swift */ = {isa = PBXFileReference; lastKnownFileType = sourcecode.swift; path = ListOfJournals.swift; sourceTree = "<group>"; };
		9470EB482B00117200E2E196 /* DataStructures.swift */ = {isa = PBXFileReference; lastKnownFileType = sourcecode.swift; path = DataStructures.swift; sourceTree = "<group>"; };
		94D200012AFF47FE008384ED /* JournalPage.swift */ = {isa = PBXFileReference; lastKnownFileType = sourcecode.swift; path = JournalPage.swift; sourceTree = "<group>"; };
		94D200032AFF4AD5008384ED /* ResourcesPage.swift */ = {isa = PBXFileReference; lastKnownFileType = sourcecode.swift; path = ResourcesPage.swift; sourceTree = "<group>"; };
		94D2FFF02AFF44FC008384ED /* Journalytics.app */ = {isa = PBXFileReference; explicitFileType = wrapper.application; includeInIndex = 0; path = Journalytics.app; sourceTree = BUILT_PRODUCTS_DIR; };
		94D2FFF32AFF44FC008384ED /* JournalyticsApp.swift */ = {isa = PBXFileReference; lastKnownFileType = sourcecode.swift; path = JournalyticsApp.swift; sourceTree = "<group>"; };
		94D2FFF52AFF44FC008384ED /* HomePage.swift */ = {isa = PBXFileReference; lastKnownFileType = sourcecode.swift; path = HomePage.swift; sourceTree = "<group>"; };
		94D2FFF72AFF4506008384ED /* Assets.xcassets */ = {isa = PBXFileReference; lastKnownFileType = folder.assetcatalog; path = Assets.xcassets; sourceTree = "<group>"; };
		94D2FFFA2AFF4506008384ED /* Preview Assets.xcassets */ = {isa = PBXFileReference; lastKnownFileType = folder.assetcatalog; path = "Preview Assets.xcassets"; sourceTree = "<group>"; };
/* End PBXFileReference section */

/* Begin PBXFrameworksBuildPhase section */
		94D2FFED2AFF44FB008384ED /* Frameworks */ = {
			isa = PBXFrameworksBuildPhase;
			buildActionMask = 2147483647;
			files = (
			);
			runOnlyForDeploymentPostprocessing = 0;
		};
/* End PBXFrameworksBuildPhase section */

/* Begin PBXGroup section */
		94D2FFE72AFF44FB008384ED = {
			isa = PBXGroup;
			children = (
				94D2FFF22AFF44FC008384ED /* Journalytics */,
				94D2FFF12AFF44FC008384ED /* Products */,
			);
			sourceTree = "<group>";
		};
		94D2FFF12AFF44FC008384ED /* Products */ = {
			isa = PBXGroup;
			children = (
				94D2FFF02AFF44FC008384ED /* Journalytics.app */,
			);
			name = Products;
			sourceTree = "<group>";
		};
		94D2FFF22AFF44FC008384ED /* Journalytics */ = {
			isa = PBXGroup;
			children = (
				9470EB482B00117200E2E196 /* DataStructures.swift */,
				9470EB442B0010FB00E2E196 /* ListOfJournals.swift */,
				94D200032AFF4AD5008384ED /* ResourcesPage.swift */,
				94D200012AFF47FE008384ED /* JournalPage.swift */,
				94D2FFF32AFF44FC008384ED /* JournalyticsApp.swift */,
				94D2FFF52AFF44FC008384ED /* HomePage.swift */,
				94D2FFF72AFF4506008384ED /* Assets.xcassets */,
				94D2FFF92AFF4506008384ED /* Preview Content */,
			);
			path = Journalytics;
			sourceTree = "<group>";
		};
		94D2FFF92AFF4506008384ED /* Preview Content */ = {
			isa = PBXGroup;
			children = (
				94D2FFFA2AFF4506008384ED /* Preview Assets.xcassets */,
			);
			path = "Preview Content";
			sourceTree = "<group>";
		};
/* End PBXGroup section */

/* Begin PBXNativeTarget section */
		94D2FFEF2AFF44FB008384ED /* Journalytics */ = {
			isa = PBXNativeTarget;
			buildConfigurationList = 94D2FFFE2AFF4506008384ED /* Build configuration list for PBXNativeTarget "Journalytics" */;
			buildPhases = (
				94D2FFEC2AFF44FB008384ED /* Sources */,
				94D2FFED2AFF44FB008384ED /* Frameworks */,
				94D2FFEE2AFF44FB008384ED /* Resources */,
			);
			buildRules = (
			);
			dependencies = (
			);
			name = Journalytics;
			productName = Journalytics;
			productReference = 94D2FFF02AFF44FC008384ED /* Journalytics.app */;
			productType = "com.apple.product-type.application";
		};
/* End PBXNativeTarget section */

/* Begin PBXProject section */
		94D2FFE82AFF44FB008384ED /* Project object */ = {
			isa = PBXProject;
			attributes = {
				BuildIndependentTargetsInParallel = 1;
				LastSwiftUpdateCheck = 1500;
				LastUpgradeCheck = 1500;
				TargetAttributes = {
					94D2FFEF2AFF44FB008384ED = {
						CreatedOnToolsVersion = 15.0.1;
					};
				};
			};
			buildConfigurationList = 94D2FFEB2AFF44FB008384ED /* Build configuration list for PBXProject "Journalytics" */;
			compatibilityVersion = "Xcode 14.0";
			developmentRegion = en;
			hasScannedForEncodings = 0;
			knownRegions = (
				en,
				Base,
			);
			mainGroup = 94D2FFE72AFF44FB008384ED;
			productRefGroup = 94D2FFF12AFF44FC008384ED /* Products */;
			projectDirPath = "";
			projectRoot = "";
			targets = (
				94D2FFEF2AFF44FB008384ED /* Journalytics */,
			);
		};
/* End PBXProject section */

/* Begin PBXResourcesBuildPhase section */
		94D2FFEE2AFF44FB008384ED /* Resources */ = {
			isa = PBXResourcesBuildPhase;
			buildActionMask = 2147483647;
			files = (
				94D2FFFB2AFF4506008384ED /* Preview Assets.xcassets in Resources */,
				94D2FFF82AFF4506008384ED /* Assets.xcassets in Resources */,
			);
			runOnlyForDeploymentPostprocessing = 0;
		};
/* End PBXResourcesBuildPhase section */

/* Begin PBXSourcesBuildPhase section */
		94D2FFEC2AFF44FB008384ED /* Sources */ = {
			isa = PBXSourcesBuildPhase;
			buildActionMask = 2147483647;
			files = (
				94D2FFF62AFF44FC008384ED /* HomePage.swift in Sources */,
				94D2FFF42AFF44FC008384ED /* JournalyticsApp.swift in Sources */,
				94D200042AFF4AD5008384ED /* ResourcesPage.swift in Sources */,
				9470EB492B00117200E2E196 /* DataStructures.swift in Sources */,
				9470EB452B0010FB00E2E196 /* ListOfJournals.swift in Sources */,
				94D200022AFF47FE008384ED /* JournalPage.swift in Sources */,
			);
			runOnlyForDeploymentPostprocessing = 0;
		};
/* End PBXSourcesBuildPhase section */

/* Begin XCBuildConfiguration section */
		94D200002AFF4506008384ED /* Release */ = {
			isa = XCBuildConfiguration;
			buildSettings = {
				ASSETCATALOG_COMPILER_APPICON_NAME = AppIcon;
				ASSETCATALOG_COMPILER_GLOBAL_ACCENT_COLOR_NAME = AccentColor;
				CODE_SIGN_STYLE = Automatic;
				CURRENT_PROJECT_VERSION = 1;
				DEVELOPMENT_ASSET_PATHS = "\"Journalytics/Preview Content\"";
				DEVELOPMENT_TEAM = K976UNFL2R;
				ENABLE_PREVIEWS = YES;
				GENERATE_INFOPLIST_FILE = YES;
				INFOPLIST_KEY_UIApplicationSceneManifest_Generation = YES;
				INFOPLIST_KEY_UIApplicationSupportsIndirectInputEvents = YES;
				INFOPLIST_KEY_UILaunchScreen_Generation = YES;
				INFOPLIST_KEY_UISupportedInterfaceOrientations_iPad = "UIInterfaceOrientationPortrait UIInterfaceOrientationPortraitUpsideDown UIInterfaceOrientationLandscapeLeft UIInterfaceOrientationLandscapeRight";
				INFOPLIST_KEY_UISupportedInterfaceOrientations_iPhone = "UIInterfaceOrientationPortrait UIInterfaceOrientationLandscapeLeft UIInterfaceOrientationLandscapeRight";
				LD_RUNPATH_SEARCH_PATHS = (
					"$(inherited)",
					"@executable_path/Frameworks",
				);
				MARKETING_VERSION = 1.0;
				PRODUCT_BUNDLE_IDENTIFIER = atonbara.Journalytics;
				PRODUCT_NAME = "$(TARGET_NAME)";
				SWIFT_EMIT_LOC_STRINGS = YES;
				SWIFT_VERSION = 5.0;
				TARGETED_DEVICE_FAMILY = "1,2";
			};
			name = Release;
		};
		94D2FFFC2AFF4506008384ED /* Debug */ = {
			isa = XCBuildConfiguration;
			buildSettings = {
				ALWAYS_SEARCH_USER_PATHS = NO;
				ASSETCATALOG_COMPILER_GENERATE_SWIFT_ASSET_SYMBOL_EXTENSIONS = YES;
				CLANG_ANALYZER_NONNULL = YES;
				CLANG_ANALYZER_NUMBER_OBJECT_CONVERSION = YES_AGGRESSIVE;
				CLANG_CXX_LANGUAGE_STANDARD = "gnu++20";
				CLANG_ENABLE_MODULES = YES;
				CLANG_ENABLE_OBJC_ARC = YES;
				CLANG_ENABLE_OBJC_WEAK = YES;
				CLANG_WARN_BLOCK_CAPTURE_AUTORELEASING = YES;
				CLANG_WARN_BOOL_CONVERSION = YES;
				CLANG_WARN_COMMA = YES;
				CLANG_WARN_CONSTANT_CONVERSION = YES;
				CLANG_WARN_DEPRECATED_OBJC_IMPLEMENTATIONS = YES;
				CLANG_WARN_DIRECT_OBJC_ISA_USAGE = YES_ERROR;
				CLANG_WARN_DOCUMENTATION_COMMENTS = YES;
				CLANG_WARN_EMPTY_BODY = YES;
				CLANG_WARN_ENUM_CONVERSION = YES;
				CLANG_WARN_INFINITE_RECURSION = YES;
				CLANG_WARN_INT_CONVERSION = YES;
				CLANG_WARN_NON_LITERAL_NULL_CONVERSION = YES;
				CLANG_WARN_OBJC_IMPLICIT_RETAIN_SELF = YES;
				CLANG_WARN_OBJC_LITERAL_CONVERSION = YES;
				CLANG_WARN_OBJC_ROOT_CLASS = YES_ERROR;
				CLANG_WARN_QUOTED_INCLUDE_IN_FRAMEWORK_HEADER = YES;
				CLANG_WARN_RANGE_LOOP_ANALYSIS = YES;
				CLANG_WARN_STRICT_PROTOTYPES = YES;
				CLANG_WARN_SUSPICIOUS_MOVE = YES;
				CLANG_WARN_UNGUARDED_AVAILABILITY = YES_AGGRESSIVE;
				CLANG_WARN_UNREACHABLE_CODE = YES;
				CLANG_WARN__DUPLICATE_METHOD_MATCH = YES;
				COPY_PHASE_STRIP = NO;
				DEBUG_INFORMATION_FORMAT = dwarf;
				ENABLE_STRICT_OBJC_MSGSEND = YES;
				ENABLE_TESTABILITY = YES;
				ENABLE_USER_SCRIPT_SANDBOXING = YES;
				GCC_C_LANGUAGE_STANDARD = gnu17;
				GCC_DYNAMIC_NO_PIC = NO;
				GCC_NO_COMMON_BLOCKS = YES;
				GCC_OPTIMIZATION_LEVEL = 0;
				GCC_PREPROCESSOR_DEFINITIONS = (
					"DEBUG=1",
					"$(inherited)",
				);
				GCC_WARN_64_TO_32_BIT_CONVERSION = YES;
				GCC_WARN_ABOUT_RETURN_TYPE = YES_ERROR;
				GCC_WARN_UNDECLARED_SELECTOR = YES;
				GCC_WARN_UNINITIALIZED_AUTOS = YES_AGGRESSIVE;
				GCC_WARN_UNUSED_FUNCTION = YES;
				GCC_WARN_UNUSED_VARIABLE = YES;
				IPHONEOS_DEPLOYMENT_TARGET = 17.0;
				LOCALIZATION_PREFERS_STRING_CATALOGS = YES;
				MTL_ENABLE_DEBUG_INFO = INCLUDE_SOURCE;
				MTL_FAST_MATH = YES;
				ONLY_ACTIVE_ARCH = YES;
				SDKROOT = iphoneos;
				SWIFT_ACTIVE_COMPILATION_CONDITIONS = "DEBUG $(inherited)";
				SWIFT_OPTIMIZATION_LEVEL = "-Onone";
			};
			name = Debug;
		};
		94D2FFFD2AFF4506008384ED /* Release */ = {
			isa = XCBuildConfiguration;
			buildSettings = {
				ALWAYS_SEARCH_USER_PATHS = NO;
				ASSETCATALOG_COMPILER_GENERATE_SWIFT_ASSET_SYMBOL_EXTENSIONS = YES;
				CLANG_ANALYZER_NONNULL = YES;
				CLANG_ANALYZER_NUMBER_OBJECT_CONVERSION = YES_AGGRESSIVE;
				CLANG_CXX_LANGUAGE_STANDARD = "gnu++20";
				CLANG_ENABLE_MODULES = YES;
				CLANG_ENABLE_OBJC_ARC = YES;
				CLANG_ENABLE_OBJC_WEAK = YES;
				CLANG_WARN_BLOCK_CAPTURE_AUTORELEASING = YES;
				CLANG_WARN_BOOL_CONVERSION = YES;
				CLANG_WARN_COMMA = YES;
				CLANG_WARN_CONSTANT_CONVERSION = YES;
				CLANG_WARN_DEPRECATED_OBJC_IMPLEMENTATIONS = YES;
				CLANG_WARN_DIRECT_OBJC_ISA_USAGE = YES_ERROR;
				CLANG_WARN_DOCUMENTATION_COMMENTS = YES;
				CLANG_WARN_EMPTY_BODY = YES;
				CLANG_WARN_ENUM_CONVERSION = YES;
				CLANG_WARN_INFINITE_RECURSION = YES;
				CLANG_WARN_INT_CONVERSION = YES;
				CLANG_WARN_NON_LITERAL_NULL_CONVERSION = YES;
				CLANG_WARN_OBJC_IMPLICIT_RETAIN_SELF = YES;
				CLANG_WARN_OBJC_LITERAL_CONVERSION = YES;
				CLANG_WARN_OBJC_ROOT_CLASS = YES_ERROR;
				CLANG_WARN_QUOTED_INCLUDE_IN_FRAMEWORK_HEADER = YES;
				CLANG_WARN_RANGE_LOOP_ANALYSIS = YES;
				CLANG_WARN_STRICT_PROTOTYPES = YES;
				CLANG_WARN_SUSPICIOUS_MOVE = YES;
				CLANG_WARN_UNGUARDED_AVAILABILITY = YES_AGGRESSIVE;
				CLANG_WARN_UNREACHABLE_CODE = YES;
				CLANG_WARN__DUPLICATE_METHOD_MATCH = YES;
				COPY_PHASE_STRIP = NO;
				DEBUG_INFORMATION_FORMAT = "dwarf-with-dsym";
				ENABLE_NS_ASSERTIONS = NO;
				ENABLE_STRICT_OBJC_MSGSEND = YES;
				ENABLE_USER_SCRIPT_SANDBOXING = YES;
				GCC_C_LANGUAGE_STANDARD = gnu17;
				GCC_NO_COMMON_BLOCKS = YES;
				GCC_WARN_64_TO_32_BIT_CONVERSION = YES;
				GCC_WARN_ABOUT_RETURN_TYPE = YES_ERROR;
				GCC_WARN_UNDECLARED_SELECTOR = YES;
				GCC_WARN_UNINITIALIZED_AUTOS = YES_AGGRESSIVE;
				GCC_WARN_UNUSED_FUNCTION = YES;
				GCC_WARN_UNUSED_VARIABLE = YES;
				IPHONEOS_DEPLOYMENT_TARGET = 17.0;
				LOCALIZATION_PREFERS_STRING_CATALOGS = YES;
				MTL_ENABLE_DEBUG_INFO = NO;
				MTL_FAST_MATH = YES;
				SDKROOT = iphoneos;
				SWIFT_COMPILATION_MODE = wholemodule;
				VALIDATE_PRODUCT = YES;
			};
			name = Release;
		};
		94D2FFFF2AFF4506008384ED /* Debug */ = {
			isa = XCBuildConfiguration;
			buildSettings = {
				ASSETCATALOG_COMPILER_APPICON_NAME = AppIcon;
				ASSETCATALOG_COMPILER_GLOBAL_ACCENT_COLOR_NAME = AccentColor;
				CODE_SIGN_STYLE = Automatic;
				CURRENT_PROJECT_VERSION = 1;
				DEVELOPMENT_ASSET_PATHS = "\"Journalytics/Preview Content\"";
				DEVELOPMENT_TEAM = K976UNFL2R;
				ENABLE_PREVIEWS = YES;
				GENERATE_INFOPLIST_FILE = YES;
				INFOPLIST_KEY_UIApplicationSceneManifest_Generation = YES;
				INFOPLIST_KEY_UIApplicationSupportsIndirectInputEvents = YES;
				INFOPLIST_KEY_UILaunchScreen_Generation = YES;
				INFOPLIST_KEY_UISupportedInterfaceOrientations_iPad = "UIInterfaceOrientationPortrait UIInterfaceOrientationPortraitUpsideDown UIInterfaceOrientationLandscapeLeft UIInterfaceOrientationLandscapeRight";
				INFOPLIST_KEY_UISupportedInterfaceOrientations_iPhone = "UIInterfaceOrientationPortrait UIInterfaceOrientationLandscapeLeft UIInterfaceOrientationLandscapeRight";
				LD_RUNPATH_SEARCH_PATHS = (
					"$(inherited)",
					"@executable_path/Frameworks",
				);
				MARKETING_VERSION = 1.0;
				PRODUCT_BUNDLE_IDENTIFIER = atonbara.Journalytics;
				PRODUCT_NAME = "$(TARGET_NAME)";
				SWIFT_EMIT_LOC_STRINGS = YES;
				SWIFT_VERSION = 5.0;
				TARGETED_DEVICE_FAMILY = "1,2";
			};
			name = Debug;
		};
/* End XCBuildConfiguration section */

/* Begin XCConfigurationList section */
		94D2FFEB2AFF44FB008384ED /* Build configuration list for PBXProject "Journalytics" */ = {
			isa = XCConfigurationList;
			buildConfigurations = (
				94D2FFFC2AFF4506008384ED /* Debug */,
				94D2FFFD2AFF4506008384ED /* Release */,
			);
			defaultConfigurationIsVisible = 0;
			defaultConfigurationName = Release;
		};
		94D2FFFE2AFF4506008384ED /* Build configuration list for PBXNativeTarget "Journalytics" */ = {
			isa = XCConfigurationList;
			buildConfigurations = (
				94D2FFFF2AFF4506008384ED /* Debug */,
				94D200002AFF4506008384ED /* Release */,
			);
			defaultConfigurationIsVisible = 0;
			defaultConfigurationName = Release;
		};
/* End XCConfigurationList section */
	};
	rootObject = 94D2FFE82AFF44FB008384ED /* Project object */;
}
